
Microsoft Visual Studio Solution File, Format Version 12.00
# Visual Studio Version 17
VisualStudioVersion = 17.5.33424.131
MinimumVisualStudioVersion = 10.0.40219.1
Project("{9A19103F-16F7-4668-BE54-9A1E7A4F7556}") = "TesteBluData", "TesteBluData\TesteBluData.csproj", "{0A494041-ABE8-40D8-8B37-2DC26DF4ABB0}"
EndProject
Global
	GlobalSection(SolutionConfigurationPlatforms) = preSolution
		Debug|Any CPU = Debug|Any CPU
		Release|Any CPU = Release|Any CPU
	EndGlobalSection
	GlobalSection(ProjectConfigurationPlatforms) = postSolution
		{0A494041-ABE8-40D8-8B37-2DC26DF4ABB0}.Debug|Any CPU.ActiveCfg = Debug|Any CPU
		{0A494041-ABE8-40D8-8B37-2DC26DF4ABB0}.Debug|Any CPU.Build.0 = Debug|Any CPU
		{0A494041-ABE8-40D8-8B37-2DC26DF4ABB0}.Release|Any CPU.ActiveCfg = Release|Any CPU
		{0A494041-ABE8-40D8-8B37-2DC26DF4ABB0}.Release|Any CPU.Build.0 = Release|Any CPU
	EndGlobalSection
	GlobalSection(SolutionProperties) = preSolution
		HideSolutionNode = FALSE
	EndGlobalSection
	GlobalSection(ExtensibilityGlobals) = postSolution
		SolutionGuid = {5CBB6DA4-8E5B-4D12-BF30-972A1C80E15F}
	EndGlobalSection
EndGlobal
